Microsoft Visual Studio Solution File, Format Version 12.00
# Visual Studio 15
VisualStudioVersion = 15.0.26124.0
MinimumVisualStudioVersion = 15.0.26124.0
Project("{2150E333-8FDC-42A3-9474-1A3956D46DE8}") = "Data", "Data", "{E45FE0EB-5D0F-4DE6-A6F4-70180CA5B067}"
EndProject
Project("{9A19103F-16F7-4668-BE54-9A1E7A4F7556}") = "Data.Model", "Data\Data.Model\Data.Model.csproj", "{B7C29298-E798-4019-8293-29AB6A29F447}"
EndProject
Project("{9A19103F-16F7-4668-BE54-9A1E7A4F7556}") = "Data.DataServices", "Data\Data.DataServices\Data.DataServices.csproj", "{F52407BF-3348-4C44-8B86-AC5CA86BE59B}"
EndProject
Project("{2150E333-8FDC-42A3-9474-1A3956D46DE8}") = "NativeClient", "NativeClient", "{EB98A1AA-3C86-4CF4-A08C-83FBB891454E}"
EndProject
Project("{9A19103F-16F7-4668-BE54-9A1E7A4F7556}") = "NativeClient.WebAPI", "NativeClient\NativeClient.WebAPI\NativeClient.WebAPI.csproj", "{0D024FB7-4861-45C7-A268-F39854E6A326}"
EndProject
Project("{9A19103F-16F7-4668-BE54-9A1E7A4F7556}") = "Data.Abstract", "Data\Data.Abstract\Data.Abstract.csproj", "{788549E0-01A8-4F6D-A867-E39F7867A987}"
EndProject
Project("{9A19103F-16F7-4668-BE54-9A1E7A4F7556}") = "Data.EFDatabase", "Data\Data.EFDatabase\Data.EFDatabase.csproj", "{3F0645F4-CD42-4D4B-914B-AEA80E7AB156}"
EndProject
Project("{9A19103F-16F7-4668-BE54-9A1E7A4F7556}") = "Tests", "Tests\Tests.csproj", "{77DAA5D4-A6AC-4B72-876A-961A395FEC6A}"
EndProject
Global
	GlobalSection(SolutionConfigurationPlatforms) = preSolution
		Debug|Any CPU = Debug|Any CPU
		Debug|x64 = Debug|x64
		Debug|x86 = Debug|x86
		Release|Any CPU = Release|Any CPU
		Release|x64 = Release|x64
		Release|x86 = Release|x86
	EndGlobalSection
	GlobalSection(ProjectConfigurationPlatforms) = postSolution
		{B7C29298-E798-4019-8293-29AB6A29F447}.Debug|Any CPU.ActiveCfg = Debug|Any CPU
		{B7C29298-E798-4019-8293-29AB6A29F447}.Debug|Any CPU.Build.0 = Debug|Any CPU
		{B7C29298-E798-4019-8293-29AB6A29F447}.Debug|x64.ActiveCfg = Debug|Any CPU
		{B7C29298-E798-4019-8293-29AB6A29F447}.Debug|x64.Build.0 = Debug|Any CPU
		{B7C29298-E798-4019-8293-29AB6A29F447}.Debug|x86.ActiveCfg = Debug|Any CPU
		{B7C29298-E798-4019-8293-29AB6A29F447}.Debug|x86.Build.0 = Debug|Any CPU
		{B7C29298-E798-4019-8293-29AB6A29F447}.Release|Any CPU.ActiveCfg = Release|Any CPU
		{B7C29298-E798-4019-8293-29AB6A29F447}.Release|Any CPU.Build.0 = Release|Any CPU
		{B7C29298-E798-4019-8293-29AB6A29F447}.Release|x64.ActiveCfg = Release|Any CPU
		{B7C29298-E798-4019-8293-29AB6A29F447}.Release|x64.Build.0 = Release|Any CPU
		{B7C29298-E798-4019-8293-29AB6A29F447}.Release|x86.ActiveCfg = Release|Any CPU
		{B7C29298-E798-4019-8293-29AB6A29F447}.Release|x86.Build.0 = Release|Any CPU
		{F52407BF-3348-4C44-8B86-AC5CA86BE59B}.Debug|Any CPU.ActiveCfg = Debug|Any CPU
		{F52407BF-3348-4C44-8B86-AC5CA86BE59B}.Debug|Any CPU.Build.0 = Debug|Any CPU
		{F52407BF-3348-4C44-8B86-AC5CA86BE59B}.Debug|x64.ActiveCfg = Debug|Any CPU
		{F52407BF-3348-4C44-8B86-AC5CA86BE59B}.Debug|x64.Build.0 = Debug|Any CPU
		{F52407BF-3348-4C44-8B86-AC5CA86BE59B}.Debug|x86.ActiveCfg = Debug|Any CPU
		{F52407BF-3348-4C44-8B86-AC5CA86BE59B}.Debug|x86.Build.0 = Debug|Any CPU
		{F52407BF-3348-4C44-8B86-AC5CA86BE59B}.Release|Any CPU.ActiveCfg = Release|Any CPU
		{F52407BF-3348-4C44-8B86-AC5CA86BE59B}.Release|Any CPU.Build.0 = Release|Any CPU
		{F52407BF-3348-4C44-8B86-AC5CA86BE59B}.Release|x64.ActiveCfg = Release|Any CPU
		{F52407BF-3348-4C44-8B86-AC5CA86BE59B}.Release|x64.Build.0 = Release|Any CPU
		{F52407BF-3348-4C44-8B86-AC5CA86BE59B}.Release|x86.ActiveCfg = Release|Any CPU
		{F52407BF-3348-4C44-8B86-AC5CA86BE59B}.Release|x86.Build.0 = Release|Any CPU
		{0D024FB7-4861-45C7-A268-F39854E6A326}.Debug|Any CPU.ActiveCfg = Debug|Any CPU
		{0D024FB7-4861-45C7-A268-F39854E6A326}.Debug|Any CPU.Build.0 = Debug|Any CPU
		{0D024FB7-4861-45C7-A268-F39854E6A326}.Debug|x64.ActiveCfg = Debug|Any CPU
		{0D024FB7-4861-45C7-A268-F39854E6A326}.Debug|x64.Build.0 = Debug|Any CPU
		{0D024FB7-4861-45C7-A268-F39854E6A326}.Debug|x86.ActiveCfg = Debug|Any CPU
		{0D024FB7-4861-45C7-A268-F39854E6A326}.Debug|x86.Build.0 = Debug|Any CPU
		{0D024FB7-4861-45C7-A268-F39854E6A326}.Release|Any CPU.ActiveCfg = Release|Any CPU
		{0D024FB7-4861-45C7-A268-F39854E6A326}.Release|Any CPU.Build.0 = Release|Any CPU
		{0D024FB7-4861-45C7-A268-F39854E6A326}.Release|x64.ActiveCfg = Release|Any CPU
		{0D024FB7-4861-45C7-A268-F39854E6A326}.Release|x64.Build.0 = Release|Any CPU
		{0D024FB7-4861-45C7-A268-F39854E6A326}.Release|x86.ActiveCfg = Release|Any CPU
		{0D024FB7-4861-45C7-A268-F39854E6A326}.Release|x86.Build.0 = Release|Any CPU
		{788549E0-01A8-4F6D-A867-E39F7867A987}.Debug|Any CPU.ActiveCfg = Debug|Any CPU
		{788549E0-01A8-4F6D-A867-E39F7867A987}.Debug|Any CPU.Build.0 = Debug|Any CPU
		{788549E0-01A8-4F6D-A867-E39F7867A987}.Debug|x64.ActiveCfg = Debug|Any CPU
		{788549E0-01A8-4F6D-A867-E39F7867A987}.Debug|x64.Build.0 = Debug|Any CPU
		{788549E0-01A8-4F6D-A867-E39F7867A987}.Debug|x86.ActiveCfg = Debug|Any CPU
		{788549E0-01A8-4F6D-A867-E39F7867A987}.Debug|x86.Build.0 = Debug|Any CPU
		{788549E0-01A8-4F6D-A867-E39F7867A987}.Release|Any CPU.ActiveCfg = Release|Any CPU
		{788549E0-01A8-4F6D-A867-E39F7867A987}.Release|Any CPU.Build.0 = Release|Any CPU
		{788549E0-01A8-4F6D-A867-E39F7867A987}.Release|x64.ActiveCfg = Release|Any CPU
		{788549E0-01A8-4F6D-A867-E39F7867A987}.Release|x64.Build.0 = Release|Any CPU
		{788549E0-01A8-4F6D-A867-E39F7867A987}.Release|x86.ActiveCfg = Release|Any CPU
		{788549E0-01A8-4F6D-A867-E39F7867A987}.Release|x86.Build.0 = Release|Any CPU
		{3F0645F4-CD42-4D4B-914B-AEA80E7AB156}.Debug|Any CPU.ActiveCfg = Debug|Any CPU
		{3F0645F4-CD42-4D4B-914B-AEA80E7AB156}.Debug|Any CPU.Build.0 = Debug|Any CPU
		{3F0645F4-CD42-4D4B-914B-AEA80E7AB156}.Debug|x64.ActiveCfg = Debug|Any CPU
		{3F0645F4-CD42-4D4B-914B-AEA80E7AB156}.Debug|x64.Build.0 = Debug|Any CPU
		{3F0645F4-CD42-4D4B-914B-AEA80E7AB156}.Debug|x86.ActiveCfg = Debug|Any CPU
		{3F0645F4-CD42-4D4B-914B-AEA80E7AB156}.Debug|x86.Build.0 = Debug|Any CPU
		{3F0645F4-CD42-4D4B-914B-AEA80E7AB156}.Release|Any CPU.ActiveCfg = Release|Any CPU
		{3F0645F4-CD42-4D4B-914B-AEA80E7AB156}.Release|Any CPU.Build.0 = Release|Any CPU
		{3F0645F4-CD42-4D4B-914B-AEA80E7AB156}.Release|x64.ActiveCfg = Release|Any CPU
		{3F0645F4-CD42-4D4B-914B-AEA80E7AB156}.Release|x64.Build.0 = Release|Any CPU
		{3F0645F4-CD42-4D4B-914B-AEA80E7AB156}.Release|x86.ActiveCfg = Release|Any CPU
		{3F0645F4-CD42-4D4B-914B-AEA80E7AB156}.Release|x86.Build.0 = Release|Any CPU
		{77DAA5D4-A6AC-4B72-876A-961A395FEC6A}.Debug|Any CPU.ActiveCfg = Debug|Any CPU
		{77DAA5D4-A6AC-4B72-876A-961A395FEC6A}.Debug|Any CPU.Build.0 = Debug|Any CPU
		{77DAA5D4-A6AC-4B72-876A-961A395FEC6A}.Debug|x64.ActiveCfg = Debug|Any CPU
		{77DAA5D4-A6AC-4B72-876A-961A395FEC6A}.Debug|x64.Build.0 = Debug|Any CPU
		{77DAA5D4-A6AC-4B72-876A-961A395FEC6A}.Debug|x86.ActiveCfg = Debug|Any CPU
		{77DAA5D4-A6AC-4B72-876A-961A395FEC6A}.Debug|x86.Build.0 = Debug|Any CPU
		{77DAA5D4-A6AC-4B72-876A-961A395FEC6A}.Release|Any CPU.ActiveCfg = Release|Any CPU
		{77DAA5D4-A6AC-4B72-876A-961A395FEC6A}.Release|Any CPU.Build.0 = Release|Any CPU
		{77DAA5D4-A6AC-4B72-876A-961A395FEC6A}.Release|x64.ActiveCfg = Release|Any CPU
		{77DAA5D4-A6AC-4B72-876A-961A395FEC6A}.Release|x64.Build.0 = Release|Any CPU
		{77DAA5D4-A6AC-4B72-876A-961A395FEC6A}.Release|x86.ActiveCfg = Release|Any CPU
		{77DAA5D4-A6AC-4B72-876A-961A395FEC6A}.Release|x86.Build.0 = Release|Any CPU
	EndGlobalSection
	GlobalSection(SolutionProperties) = preSolution
		HideSolutionNode = FALSE
	EndGlobalSection
	GlobalSection(NestedProjects) = preSolution
		{B7C29298-E798-4019-8293-29AB6A29F447} = {E45FE0EB-5D0F-4DE6-A6F4-70180CA5B067}
		{F52407BF-3348-4C44-8B86-AC5CA86BE59B} = {E45FE0EB-5D0F-4DE6-A6F4-70180CA5B067}
		{0D024FB7-4861-45C7-A268-F39854E6A326} = {EB98A1AA-3C86-4CF4-A08C-83FBB891454E}
		{788549E0-01A8-4F6D-A867-E39F7867A987} = {E45FE0EB-5D0F-4DE6-A6F4-70180CA5B067}
		{3F0645F4-CD42-4D4B-914B-AEA80E7AB156} = {E45FE0EB-5D0F-4DE6-A6F4-70180CA5B067}
	EndGlobalSection
	GlobalSection(ExtensibilityGlobals) = postSolution
		SolutionGuid = {F040182A-7D88-4572-A451-178B5687007D}
	EndGlobalSection
EndGlobal
